
Microsoft Visual Studio Solution File, Format Version 12.00
# Visual Studio Version 17
VisualStudioVersion = 17.5.33424.131
MinimumVisualStudioVersion = 10.0.40219.1
Project("{FAE04EC0-301F-11D3-BF4B-00C04F79EFBC}") = "Demoshoalbackend", "Demoshoalbackend.csproj", "{7471B5A9-50FB-44A9-8A0F-BB0F2584C2A6}"
EndProject
Global
	GlobalSection(SolutionConfigurationPlatforms) = preSolution
		Debug|Any CPU = Debug|Any CPU
		Release|Any CPU = Release|Any CPU
	EndGlobalSection
	GlobalSection(ProjectConfigurationPlatforms) = postSolution
		{7471B5A9-50FB-44A9-8A0F-BB0F2584C2A6}.Debug|Any CPU.ActiveCfg = Debug|Any CPU
		{7471B5A9-50FB-44A9-8A0F-BB0F2584C2A6}.Debug|Any CPU.Build.0 = Debug|Any CPU
		{7471B5A9-50FB-44A9-8A0F-BB0F2584C2A6}.Release|Any CPU.ActiveCfg = Release|Any CPU
		{7471B5A9-50FB-44A9-8A0F-BB0F2584C2A6}.Release|Any CPU.Build.0 = Release|Any CPU
	EndGlobalSection
	GlobalSection(SolutionProperties) = preSolution
		HideSolutionNode = FALSE
	EndGlobalSection
	GlobalSection(ExtensibilityGlobals) = postSolution
		SolutionGuid = {A040D17E-34DB-4021-AE62-07EE3E432297}
	EndGlobalSection
EndGlobal
